
Microsoft Visual Studio Solution File, Format Version 12.00
Project("{2150E333-8FDC-42A3-9474-1A3956D46DE8}") = "Solution Items", "Solution Items", "{18024759-1DF1-4F88-8120-44BD2B1751C8}"
	ProjectSection(SolutionItems) = preProject
		.editorconfig = .editorconfig
		.gitignore = .gitignore
		LICENSE = LICENSE
	EndProjectSection
EndProject
Project("{2150E333-8FDC-42A3-9474-1A3956D46DE8}") = "Sources", "Sources", "{1F8CA013-0C00-4C0C-8DA2-A559A07FC700}"
EndProject
Project("{FAE04EC0-301F-11D3-BF4B-00C04F79EFBC}") = "BonVoyage.Platforms.WpfApp", "Sources\BonVoyage.Platforms.WpfApp\BonVoyage.Platforms.WpfApp.csproj", "{3A3B7605-7ABB-451B-896E-6F970A5D5205}"
EndProject
Global
	GlobalSection(SolutionConfigurationPlatforms) = preSolution
		Debug|Any CPU = Debug|Any CPU
		Release|Any CPU = Release|Any CPU
	EndGlobalSection
	GlobalSection(NestedProjects) = preSolution
		{3A3B7605-7ABB-451B-896E-6F970A5D5205} = {1F8CA013-0C00-4C0C-8DA2-A559A07FC700}
	EndGlobalSection
	GlobalSection(ProjectConfigurationPlatforms) = postSolution
		{3A3B7605-7ABB-451B-896E-6F970A5D5205}.Debug|Any CPU.ActiveCfg = Debug|Any CPU
		{3A3B7605-7ABB-451B-896E-6F970A5D5205}.Debug|Any CPU.Build.0 = Debug|Any CPU
		{3A3B7605-7ABB-451B-896E-6F970A5D5205}.Release|Any CPU.ActiveCfg = Release|Any CPU
		{3A3B7605-7ABB-451B-896E-6F970A5D5205}.Release|Any CPU.Build.0 = Release|Any CPU
	EndGlobalSection
EndGlobal
